
Microsoft Visual Studio Solution File, Format Version 12.00
# Visual Studio Version 16
VisualStudioVersion = 16.0.30114.105
MinimumVisualStudioVersion = 10.0.40219.1
Project("{FAE04EC0-301F-11D3-BF4B-00C04F79EFBC}") = "StoreModel", "StoreModel\StoreModel.csproj", "{AF52A064-DAD4-4C2D-884A-7AB07834C924}"
EndProject
Project("{FAE04EC0-301F-11D3-BF4B-00C04F79EFBC}") = "Customer", "Customer\Customer.csproj", "{D5AEE36D-05D0-4141-8DB1-98E09142DB29}"
EndProject
Global
	GlobalSection(SolutionConfigurationPlatforms) = preSolution
		Debug|Any CPU = Debug|Any CPU
		Release|Any CPU = Release|Any CPU
	EndGlobalSection
	GlobalSection(SolutionProperties) = preSolution
		HideSolutionNode = FALSE
	EndGlobalSection
	GlobalSection(ProjectConfigurationPlatforms) = postSolution
		{AF52A064-DAD4-4C2D-884A-7AB07834C924}.Debug|Any CPU.ActiveCfg = Debug|Any CPU
		{AF52A064-DAD4-4C2D-884A-7AB07834C924}.Debug|Any CPU.Build.0 = Debug|Any CPU
		{AF52A064-DAD4-4C2D-884A-7AB07834C924}.Release|Any CPU.ActiveCfg = Release|Any CPU
		{AF52A064-DAD4-4C2D-884A-7AB07834C924}.Release|Any CPU.Build.0 = Release|Any CPU
		{D5AEE36D-05D0-4141-8DB1-98E09142DB29}.Debug|Any CPU.ActiveCfg = Debug|Any CPU
		{D5AEE36D-05D0-4141-8DB1-98E09142DB29}.Debug|Any CPU.Build.0 = Debug|Any CPU
		{D5AEE36D-05D0-4141-8DB1-98E09142DB29}.Release|Any CPU.ActiveCfg = Release|Any CPU
		{D5AEE36D-05D0-4141-8DB1-98E09142DB29}.Release|Any CPU.Build.0 = Release|Any CPU
	EndGlobalSection
EndGlobal
